
Microsoft Visual Studio Solution File, Format Version 12.00
# Visual Studio Version 17
VisualStudioVersion = 17.4.33122.133
MinimumVisualStudioVersion = 10.0.40219.1
Project("{FAE04EC0-301F-11D3-BF4B-00C04F79EFBC}") = "Coffee Shop Registration", "Coffee Shop Registration\Coffee Shop Registration.csproj", "{B7ED7BEA-E79E-4B29-BDDF-4CA9204DC535}"
EndProject
Global
	GlobalSection(SolutionConfigurationPlatforms) = preSolution
		Debug|Any CPU = Debug|Any CPU
		Release|Any CPU = Release|Any CPU
	EndGlobalSection
	GlobalSection(ProjectConfigurationPlatforms) = postSolution
		{B7ED7BEA-E79E-4B29-BDDF-4CA9204DC535}.Debug|Any CPU.ActiveCfg = Debug|Any CPU
		{B7ED7BEA-E79E-4B29-BDDF-4CA9204DC535}.Debug|Any CPU.Build.0 = Debug|Any CPU
		{B7ED7BEA-E79E-4B29-BDDF-4CA9204DC535}.Release|Any CPU.ActiveCfg = Release|Any CPU
		{B7ED7BEA-E79E-4B29-BDDF-4CA9204DC535}.Release|Any CPU.Build.0 = Release|Any CPU
	EndGlobalSection
	GlobalSection(SolutionProperties) = preSolution
		HideSolutionNode = FALSE
	EndGlobalSection
	GlobalSection(ExtensibilityGlobals) = postSolution
		SolutionGuid = {F1E62F4C-29AF-46A1-B706-05A7F9B4367E}
	EndGlobalSection
EndGlobal
